
Microsoft Visual Studio Solution File, Format Version 12.00
# Visual Studio Version 16
VisualStudioVersion = 16.0.32126.315
MinimumVisualStudioVersion = 10.0.40219.1
Project("{FAE04EC0-301F-11D3-BF4B-00C04F79EFBC}") = "ConsoleApp4", "ConsoleApp4\ConsoleApp4.csproj", "{C135EFF5-933B-4BC6-9017-08780EB03909}"
EndProject
Global
	GlobalSection(SolutionConfigurationPlatforms) = preSolution
		Debug|Any CPU = Debug|Any CPU
		Release|Any CPU = Release|Any CPU
	EndGlobalSection
	GlobalSection(ProjectConfigurationPlatforms) = postSolution
		{C135EFF5-933B-4BC6-9017-08780EB03909}.Debug|Any CPU.ActiveCfg = Debug|Any CPU
		{C135EFF5-933B-4BC6-9017-08780EB03909}.Debug|Any CPU.Build.0 = Debug|Any CPU
		{C135EFF5-933B-4BC6-9017-08780EB03909}.Release|Any CPU.ActiveCfg = Release|Any CPU
		{C135EFF5-933B-4BC6-9017-08780EB03909}.Release|Any CPU.Build.0 = Release|Any CPU
	EndGlobalSection
	GlobalSection(SolutionProperties) = preSolution
		HideSolutionNode = FALSE
	EndGlobalSection
	GlobalSection(ExtensibilityGlobals) = postSolution
		SolutionGuid = {0AFE499C-1DE2-404C-8230-C21907A9CB8E}
	EndGlobalSection
EndGlobal
